<?xml version="1.0" encoding="utf-8"?>
<Project ToolsVersion="4.0" xmlns="http://schemas.microsoft.com/developer/msbuild/2003">
  <ItemGroup>
    <Filter Include="Source Files">
      <UniqueIdentifier>{93f68fc4-415a-4f86-9aef-6121aecb762a}</UniqueIdentifier>
      <Extensions>cpp;c;cxx;rc;def;r;odl;idl;hpj;bat</Extensions>
    </Filter>
    <Filter Include="Header Files">
      <UniqueIdentifier>{8d51af92-9e30-4556-84af-0457748d126e}</UniqueIdentifier>
      <Extensions>h;hpp;hxx;hm;inl</Extensions>
    </Filter>
  </ItemGroup>
  <ItemGroup>
    <ClInclude Include="..\..\src\EulerAngles.h">
      <Filter>Header Files</Filter>
    </ClInclude>
    <ClInclude Include="..\..\src\MotionProfiles.h">
      <Filter>Header Files</Filter>
    </ClInclude>
    <ClInclude Include="..\..\src\xxfuncs.h">
      <Filter>Header Files</Filter>
    </ClInclude>
    <ClInclude Include="..\..\src\xxinteg.h">
      <Filter>Header Files</Filter>
    </ClInclude>
    <ClInclude Include="..\..\src\xxmatrix.h">
      <Filter>Header Files</Filter>
    </ClInclude>
    <ClInclude Include="..\..\src\xxmodel.h">
      <Filter>Header Files</Filter>
    </ClInclude>
    <ClInclude Include="..\..\src\xxsubmod.h">
      <Filter>Header Files</Filter>
    </ClInclude>
    <ClInclude Include="..\..\src\xxtypes.h">
      <Filter>Header Files</Filter>
    </ClInclude>
    <ClInclude Include="..\..\src\%FMI_PREFIX%Functions.h">
      <Filter>Header Files</Filter>
    </ClInclude>
    <ClInclude Include="..\..\src\fmiGUID.h">
      <Filter>Header Files</Filter>
    </ClInclude>
    <ClInclude Include="..\..\src\xxTable2D.h">
      <Filter>Header Files</Filter>
    </ClInclude>
%IF%%EQ(FMIVERSION,1.0)%
    <ClInclude Include="..\..\src\fmiPlatformTypes.h">
      <Filter>Header Files</Filter>
    </ClInclude>
%ENDIF%
%IF%%EQ(FMIVERSION,2.0)%
    <ClInclude Include="..\..\src\fmi2FunctionTypes.h">
      <Filter>Header Files</Filter>
    </ClInclude>
    <ClInclude Include="..\..\src\fmi2TypesPlatform.h">
      <Filter>Header Files</Filter>
    </ClInclude>
%ENDIF%
%IF%%EQ(INTEGRATION_METHOD_NAME,VodeAdams)%
	<ClInclude Include="..\..\src\cvode\include\cvode\cvode.h">
      <Filter>Header Files</Filter>
    </ClInclude>
	<ClInclude Include="..\..\src\cvode\include\cvode\cvode_dense.h">
      <Filter>Header Files</Filter>
    </ClInclude>
	<ClInclude Include="..\..\src\cvode\include\cvode\cvode_direct.h">
      <Filter>Header Files</Filter>
    </ClInclude>
	<ClInclude Include="..\..\src\cvode\include\cvode\cvode_direct_impl.h">
      <Filter>Header Files</Filter>
    </ClInclude>
	<ClInclude Include="..\..\src\cvode\include\nvector\nvector_serial.h">
      <Filter>Header Files</Filter>
    </ClInclude>
	<ClInclude Include="..\..\src\cvode\src\cvode\cvode_direct_impl.h">
      <Filter>Header Files</Filter>
    </ClInclude>
	<ClInclude Include="..\..\src\cvode\src\cvode\cvode_impl.h">
      <Filter>Header Files</Filter>
    </ClInclude>
	<ClInclude Include="..\..\src\cvode\include\sundials\sundials_config.h">
      <Filter>Header Files</Filter>
    </ClInclude>
	<ClInclude Include="..\..\src\cvode\include\sundials\sundials_math.h">
      <Filter>Header Files</Filter>
    </ClInclude>
	<ClInclude Include="..\..\src\cvode\include\sundials\sundials_nvector.h">
      <Filter>Header Files</Filter>
    </ClInclude>
	<ClInclude Include="..\..\src\cvode\include\sundials\sundials_dense.h">
      <Filter>Header Files</Filter>
    </ClInclude>
	<ClInclude Include="..\..\src\cvode\include\sundials\sundials_direct.h">
      <Filter>Header Files</Filter>
    </ClInclude>
%ENDIF%
%IF%%EQ(INTEGRATION_METHOD_NAME,MeBDFi)%
	<ClInclude Include="..\..\src\MeBDFi\MeBDFi.h">
      <Filter>Header Files</Filter>
    </ClInclude>
	<ClInclude Include="..\..\src\MeBDFi\include\f2c.h">
      <Filter>Header Files</Filter>
    </ClInclude>
	<ClInclude Include="..\..\src\MeBDFi\include\fio.h">
      <Filter>Header Files</Filter>
    </ClInclude>
	<ClInclude Include="..\..\src\MeBDFi\include\fmt.h">
      <Filter>Header Files</Filter>
    </ClInclude>
	<ClInclude Include="..\..\src\MeBDFi\include\fp.h">
      <Filter>Header Files</Filter>
    </ClInclude>
	<ClInclude Include="..\..\src\MeBDFi\include\lio.h">
      <Filter>Header Files</Filter>
    </ClInclude>
	<ClInclude Include="..\..\src\MeBDFi\include\sysdep1.h">
      <Filter>Header Files</Filter>
    </ClInclude>
%ENDIF%
  </ItemGroup>
  <ItemGroup>
    <ClCompile Include="..\..\src\EulerAngles.c">
      <Filter>Source Files</Filter>
    </ClCompile>
    <ClCompile Include="..\..\src\MotionProfiles.c">
      <Filter>Source Files</Filter>
    </ClCompile>
    <ClCompile Include="..\..\src\xxfuncs.c">
      <Filter>Source Files</Filter>
    </ClCompile>
    <ClCompile Include="..\..\src\xxinteg.c">
      <Filter>Source Files</Filter>
    </ClCompile>
    <ClCompile Include="..\..\src\xxinverse.c">
      <Filter>Source Files</Filter>
    </ClCompile>
    <ClCompile Include="..\..\src\%FMI_PREFIX%Functions.c">
      <Filter>Source Files</Filter>
    </ClCompile>
    <ClCompile Include="..\..\src\xxmatrix.c">
      <Filter>Source Files</Filter>
    </ClCompile>
    <ClCompile Include="..\..\src\xxmodel.c">
      <Filter>Source Files</Filter>
    </ClCompile>
    <ClCompile Include="..\..\src\xxsubmod.c">
      <Filter>Source Files</Filter>
    </ClCompile>
    <ClCompile Include="..\..\src\xxTable2D.c">
      <Filter>Source Files</Filter>
    </ClCompile>
%IF%%EQ(INTEGRATION_METHOD_NAME,VodeAdams)%
	<ClCompile Include="..\..\src\cvode\src\cvode\cvode.c">
      <Filter>Source Files</Filter>
    </ClCompile>
	<ClCompile Include="..\..\src\cvode\src\cvode\cvode_dense.c">
      <Filter>Source Files</Filter>
    </ClCompile>
	<ClCompile Include="..\..\src\cvode\src\cvode\cvode_direct.c">
      <Filter>Source Files</Filter>
    </ClCompile>
	<ClCompile Include="..\..\src\cvode\src\cvode\cvode_io.c">
      <Filter>Source Files</Filter>
    </ClCompile>
	<ClCompile Include="..\..\src\cvode\src\nvec_ser\nvector_serial.c">
      <Filter>Source Files</Filter>
    </ClCompile>
	<ClCompile Include="..\..\src\cvode\src\sundials\sundials_dense.c">
      <Filter>Source Files</Filter>
    </ClCompile>
	<ClCompile Include="..\..\src\cvode\src\sundials\sundials_direct.c">
      <Filter>Source Files</Filter>
    </ClCompile>
	<ClCompile Include="..\..\src\cvode\src\sundials\sundials_math.c">
      <Filter>Source Files</Filter>
    </ClCompile>
	<ClCompile Include="..\..\src\cvode\src\sundials\sundials_nvector.c">
      <Filter>Source Files</Filter>
    </ClCompile>
%ENDIF%
%IF%%EQ(INTEGRATION_METHOD_NAME,MeBDFi)%
	<ClCompile Include="..\..\src\MeBDFi\MeBDFi.c">
      <Filter>Source Files</Filter>
    </ClCompile>
	<ClCompile Include="..\..\src\MeBDFi\libf2c\close.c">
      <Filter>Source Files</Filter>
    </ClCompile>
	<ClCompile Include="..\..\src\MeBDFi\libf2c\dolio.c">
      <Filter>Source Files</Filter>
    </ClCompile>
	<ClCompile Include="..\..\src\MeBDFi\libf2c\endfile.c">
      <Filter>Source Files</Filter>
    </ClCompile>
	<ClCompile Include="..\..\src\MeBDFi\libf2c\err.c">
      <Filter>Source Files</Filter>
    </ClCompile>
	<ClCompile Include="..\..\src\MeBDFi\libf2c\fmt.c">
      <Filter>Source Files</Filter>
    </ClCompile>
	<ClCompile Include="..\..\src\MeBDFi\libf2c\fmtlib.c">
      <Filter>Source Files</Filter>
    </ClCompile>
	<ClCompile Include="..\..\src\MeBDFi\libf2c\lread.c">
      <Filter>Source Files</Filter>
    </ClCompile>
	<ClCompile Include="..\..\src\MeBDFi\libf2c\lwrite.c">
      <Filter>Source Files</Filter>
    </ClCompile>
	<ClCompile Include="..\..\src\MeBDFi\libf2c\open.c">
      <Filter>Source Files</Filter>
    </ClCompile>
	<ClCompile Include="..\..\src\MeBDFi\libf2c\pow_dd.c">
      <Filter>Source Files</Filter>
    </ClCompile>
	<ClCompile Include="..\..\src\MeBDFi\libf2c\pow_di.c">
      <Filter>Source Files</Filter>
    </ClCompile>
	<ClCompile Include="..\..\src\MeBDFi\libf2c\rdfmt.c">
      <Filter>Source Files</Filter>
    </ClCompile>
	<ClCompile Include="..\..\src\MeBDFi\libf2c\rsfe.c">
      <Filter>Source Files</Filter>
    </ClCompile>
	<ClCompile Include="..\..\src\MeBDFi\libf2c\sfe.c">
      <Filter>Source Files</Filter>
    </ClCompile>
	<ClCompile Include="..\..\src\MeBDFi\libf2c\sig_die.c">
      <Filter>Source Files</Filter>
    </ClCompile>
	<ClCompile Include="..\..\src\MeBDFi\libf2c\util.c">
      <Filter>Source Files</Filter>
    </ClCompile>
	<ClCompile Include="..\..\src\MeBDFi\libf2c\wref.c">
      <Filter>Source Files</Filter>
    </ClCompile>
	<ClCompile Include="..\..\src\MeBDFi\libf2c\wrtfmt.c">
      <Filter>Source Files</Filter>
    </ClCompile>
	<ClCompile Include="..\..\src\MeBDFi\libf2c\wsfe.c">
      <Filter>Source Files</Filter>
    </ClCompile>
	<ClCompile Include="..\..\src\MeBDFi\libf2c\wsle.c">
      <Filter>Source Files</Filter>
    </ClCompile>
	<ClCompile Include="..\..\src\MeBDFi\netlib\DOGLEG.c">
      <Filter>Source Files</Filter>
    </ClCompile>
	<ClCompile Include="..\..\src\MeBDFi\netlib\DPMPAR.c">
      <Filter>Source Files</Filter>
    </ClCompile>
	<ClCompile Include="..\..\src\MeBDFi\netlib\ENORM.c">
      <Filter>Source Files</Filter>
    </ClCompile>
	<ClCompile Include="..\..\src\MeBDFi\netlib\FDJAC1.c">
      <Filter>Source Files</Filter>
    </ClCompile>
	<ClCompile Include="..\..\src\MeBDFi\netlib\HYBRD.c">
      <Filter>Source Files</Filter>
    </ClCompile>
	<ClCompile Include="..\..\src\MeBDFi\netlib\HYBRD1.c">
      <Filter>Source Files</Filter>
    </ClCompile>
	<ClCompile Include="..\..\src\MeBDFi\netlib\mebdfiCore.c">
      <Filter>Source Files</Filter>
    </ClCompile>
	<ClCompile Include="..\..\src\MeBDFi\netlib\QFORM.c">
      <Filter>Source Files</Filter>
    </ClCompile>
	<ClCompile Include="..\..\src\MeBDFi\netlib\QRFAC.c">
      <Filter>Source Files</Filter>
    </ClCompile>
	<ClCompile Include="..\..\src\MeBDFi\netlib\R1MPYQ.c">
      <Filter>Source Files</Filter>
    </ClCompile>
	<ClCompile Include="..\..\src\MeBDFi\netlib\R1UPDT.c">
      <Filter>Source Files</Filter>
    </ClCompile>
%ENDIF%
  </ItemGroup>
</Project>
