<?xml version="1.0" encoding="utf-8"?>
<Project ToolsVersion="4.0" xmlns="http://schemas.microsoft.com/developer/msbuild/2003">
  <ItemGroup>
    <Filter Include="Source Files">
      <UniqueIdentifier>{93f68fc4-415a-4f86-9aef-6121aecb762a}</UniqueIdentifier>
      <Extensions>cpp;c;cxx;rc;def;r;odl;idl;hpj;bat</Extensions>
    </Filter>
    <Filter Include="Header Files">
      <UniqueIdentifier>{8d51af92-9e30-4556-84af-0457748d126e}</UniqueIdentifier>
      <Extensions>h;hpp;hxx;hm;inl</Extensions>
    </Filter>
  </ItemGroup>
  <ItemGroup>
    <ClInclude Include="..\..\src\EulerAngles.h">
      <Filter>Header Files</Filter>
    </ClInclude>
    <ClInclude Include="..\..\src\MotionProfiles.h">
      <Filter>Header Files</Filter>
    </ClInclude>
    <ClInclude Include="..\..\src\xxfuncs.h">
      <Filter>Header Files</Filter>
    </ClInclude>
    <ClInclude Include="..\..\src\xxinteg.h">
      <Filter>Header Files</Filter>
    </ClInclude>
    <ClInclude Include="..\..\src\xxmatrix.h">
      <Filter>Header Files</Filter>
    </ClInclude>
    <ClInclude Include="..\..\src\xxmodel.h">
      <Filter>Header Files</Filter>
    </ClInclude>
    <ClInclude Include="..\..\src\xxsubmod.h">
      <Filter>Header Files</Filter>
    </ClInclude>
    <ClInclude Include="..\..\src\xxtypes.h">
      <Filter>Header Files</Filter>
    </ClInclude>
    <ClInclude Include="..\..\src\%FMI_PREFIX%Functions.h">
      <Filter>Header Files</Filter>
    </ClInclude>
    <ClInclude Include="..\..\src\fmiGUID.h">
      <Filter>Header Files</Filter>
    </ClInclude>
    <ClInclude Include="..\..\src\xxTable2D.h">
      <Filter>Header Files</Filter>
    </ClInclude>
%IF%%FMI1%
    <ClInclude Include="..\..\src\fmiPlatformTypes.h">
      <Filter>Header Files</Filter>
    </ClInclude>
%ENDIF%
%IF%%FMI2%
    <ClInclude Include="..\..\src\fmi2FunctionTypes.h">
      <Filter>Header Files</Filter>
    </ClInclude>
    <ClInclude Include="..\..\src\fmi2TypesPlatform.h">
      <Filter>Header Files</Filter>
    </ClInclude>
%ENDIF%
%IF%%EQ(INTEGRATION_METHOD_NAME,VodeAdams)%
    <ClInclude Include="..\..\Vode\src\cvdense.h">
      <Filter>Header Files</Filter>
    </ClInclude>
    <ClInclude Include="..\..\Vode\src\cvnlmath.h">
      <Filter>Header Files</Filter>
    </ClInclude>
    <ClInclude Include="..\..\Vode\src\cvnltyps.h">
      <Filter>Header Files</Filter>
    </ClInclude>
    <ClInclude Include="..\..\Vode\src\cvode.h">
      <Filter>Header Files</Filter>
    </ClInclude>
    <ClInclude Include="..\..\Vode\src\cvvector.h">
      <Filter>Header Files</Filter>
    </ClInclude>
    <ClInclude Include="..\..\Vode\src\dense.h">
      <Filter>Header Files</Filter>
    </ClInclude>
%ENDIF%
  </ItemGroup>
  <ItemGroup>
    <ClCompile Include="..\..\src\EulerAngles.c">
      <Filter>Source Files</Filter>
    </ClCompile>
    <ClCompile Include="..\..\src\MotionProfiles.c">
      <Filter>Source Files</Filter>
    </ClCompile>
    <ClCompile Include="..\..\src\xxfuncs.c">
      <Filter>Source Files</Filter>
    </ClCompile>
    <ClCompile Include="..\..\src\xxinteg.c">
      <Filter>Source Files</Filter>
    </ClCompile>
    <ClCompile Include="..\..\src\xxinverse.c">
      <Filter>Source Files</Filter>
    </ClCompile>
    <ClCompile Include="..\..\src\%FMI_PREFIX%Functions.c">
      <Filter>Source Files</Filter>
    </ClCompile>
    <ClCompile Include="..\..\src\xxmatrix.c">
      <Filter>Source Files</Filter>
    </ClCompile>
    <ClCompile Include="..\..\src\xxmodel.c">
      <Filter>Source Files</Filter>
    </ClCompile>
    <ClCompile Include="..\..\src\xxsubmod.c">
      <Filter>Source Files</Filter>
    </ClCompile>
    <ClCompile Include="..\..\src\xxTable2D.c">
      <Filter>Source Files</Filter>
    </ClCompile>
%IF%%EQ(INTEGRATION_METHOD_NAME,VodeAdams)%
    <ClCompile Include="..\..\Vode\src\cvdense.c">
      <Filter>Source Files</Filter>
    </ClCompile>
    <ClCompile Include="..\..\Vode\src\cvode.c">
      <Filter>Source Files</Filter>
    </ClCompile>
    <ClCompile Include="..\..\Vode\src\vector.c">
      <Filter>Source Files</Filter>
    </ClCompile>
    <ClCompile Include="..\..\Vode\src\llnlmath.c">
      <Filter>Source Files</Filter>
    </ClCompile>
    <ClCompile Include="..\..\Vode\src\dense.c">
      <Filter>Source Files</Filter>
    </ClCompile>
%ENDIF%
  </ItemGroup>
</Project>